{
  "name": "strip-mentions",
  "version": "1.0.0",
  "lockfileVersion": 1,
  "requires": true,
  "dependencies": {
    "replace-string-at-position": {
      "version": "1.0.4",
      "resolved": "https://registry.npmjs.org/replace-string-at-position/-/replace-string-at-position-1.0.4.tgz",
      "integrity": "sha1-+qalgDsP4+yh1X/p69CLRHCtXvQ="
    }
  }
}
